// !$*UTF8*$!
{
	archiveVersion = 1;
	classes = {
	};
	objectVersion = 52;
	objects = {

/* Begin PBXBuildFile section */
		370BDF6F276FD1880044690D /* Helpers.swift in Sources */ = {isa = PBXBuildFile; fileRef = 370BDF6E276FD1880044690D /* Helpers.swift */; };
		370D0E7E27621B5C00862451 /* StructUser.swift in Sources */ = {isa = PBXBuildFile; fileRef = 370D0E7D27621B5C00862451 /* StructUser.swift */; };
		370DE8FC26B2FB9D0015D602 /* ProjectSelectorView.swift in Sources */ = {isa = PBXBuildFile; fileRef = 370DE8FB26B2FB9D0015D602 /* ProjectSelectorView.swift */; };
		370DE8FE26B300520015D602 /* OverviewView.swift in Sources */ = {isa = PBXBuildFile; fileRef = 370DE8FD26B300520015D602 /* OverviewView.swift */; };
		370DE90026B3011A0015D602 /* ReleasesView.swift in Sources */ = {isa = PBXBuildFile; fileRef = 370DE8FF26B3011A0015D602 /* ReleasesView.swift */; };
		37203EC9276B7934004A6D9C /* StructReleases.swift in Sources */ = {isa = PBXBuildFile; fileRef = 37203EC8276B7934004A6D9C /* StructReleases.swift */; };
		37203ECB276B7CC1004A6D9C /* APIErrors.swift in Sources */ = {isa = PBXBuildFile; fileRef = 37203ECA276B7CC1004A6D9C /* APIErrors.swift */; };
		375C9350277143E900FA3362 /* CommonViews.swift in Sources */ = {isa = PBXBuildFile; fileRef = 375C934F277143E900FA3362 /* CommonViews.swift */; };
		375C9355277153CF00FA3362 /* APIReleases.swift in Sources */ = {isa = PBXBuildFile; fileRef = 375C9354277153CF00FA3362 /* APIReleases.swift */; };
		3763D6ED2774DE500076CA59 /* Bugsnag in Frameworks */ = {isa = PBXBuildFile; productRef = 3763D6EC2774DE500076CA59 /* Bugsnag */; };
		3763D6EF2774DE500076CA59 /* BugsnagNetworkRequestPlugin in Frameworks */ = {isa = PBXBuildFile; productRef = 3763D6EE2774DE500076CA59 /* BugsnagNetworkRequestPlugin */; };
		376A7C10276A04590093712E /* APIUser.swift in Sources */ = {isa = PBXBuildFile; fileRef = 376A7C0F276A04590093712E /* APIUser.swift */; };
		376A7C16276A12E40093712E /* APIProjects.swift in Sources */ = {isa = PBXBuildFile; fileRef = 376A7C15276A12E40093712E /* APIProjects.swift */; };
		376A7C18276A13590093712E /* StructProject.swift in Sources */ = {isa = PBXBuildFile; fileRef = 376A7C17276A13590093712E /* StructProject.swift */; };
		3799CBF826B2F0A3005ACCFD /* BugsnagDashboardApp.swift in Sources */ = {isa = PBXBuildFile; fileRef = 3799CBF726B2F0A3005ACCFD /* BugsnagDashboardApp.swift */; };
		3799CBFA26B2F0A3005ACCFD /* ContentView.swift in Sources */ = {isa = PBXBuildFile; fileRef = 3799CBF926B2F0A3005ACCFD /* ContentView.swift */; };
		3799CBFC26B2F0A4005ACCFD /* Assets.xcassets in Resources */ = {isa = PBXBuildFile; fileRef = 3799CBFB26B2F0A4005ACCFD /* Assets.xcassets */; };
		3799CBFF26B2F0A4005ACCFD /* Preview Assets.xcassets in Resources */ = {isa = PBXBuildFile; fileRef = 3799CBFE26B2F0A4005ACCFD /* Preview Assets.xcassets */; };
		3799CC0A26B2F106005ACCFD /* Colors.swift in Sources */ = {isa = PBXBuildFile; fileRef = 3799CC0926B2F106005ACCFD /* Colors.swift */; };
		3799CC0F26B2F16B005ACCFD /* StructError.swift in Sources */ = {isa = PBXBuildFile; fileRef = 3799CC0E26B2F16B005ACCFD /* StructError.swift */; };
		3799CC1126B2F1C3005ACCFD /* InboxView.swift in Sources */ = {isa = PBXBuildFile; fileRef = 3799CC1026B2F1C3005ACCFD /* InboxView.swift */; };
		3799CC1326B2F1E5005ACCFD /* TimelineView.swift in Sources */ = {isa = PBXBuildFile; fileRef = 3799CC1226B2F1E5005ACCFD /* TimelineView.swift */; };
		3799CC1526B2F201005ACCFD /* MyAccountView.swift in Sources */ = {isa = PBXBuildFile; fileRef = 3799CC1426B2F201005ACCFD /* MyAccountView.swift */; };
/* End PBXBuildFile section */

/* Begin PBXFileReference section */
		370BDF6E276FD1880044690D /* Helpers.swift */ = {isa = PBXFileReference; lastKnownFileType = sourcecode.swift; path = Helpers.swift; sourceTree = "<group>"; };
		370D0E7D27621B5C00862451 /* StructUser.swift */ = {isa = PBXFileReference; lastKnownFileType = sourcecode.swift; path = StructUser.swift; sourceTree = "<group>"; };
		370DE8FB26B2FB9D0015D602 /* ProjectSelectorView.swift */ = {isa = PBXFileReference; lastKnownFileType = sourcecode.swift; path = ProjectSelectorView.swift; sourceTree = "<group>"; };
		370DE8FD26B300520015D602 /* OverviewView.swift */ = {isa = PBXFileReference; lastKnownFileType = sourcecode.swift; path = OverviewView.swift; sourceTree = "<group>"; };
		370DE8FF26B3011A0015D602 /* ReleasesView.swift */ = {isa = PBXFileReference; lastKnownFileType = sourcecode.swift; path = ReleasesView.swift; sourceTree = "<group>"; };
		37203EC8276B7934004A6D9C /* StructReleases.swift */ = {isa = PBXFileReference; lastKnownFileType = sourcecode.swift; path = StructReleases.swift; sourceTree = "<group>"; };
		37203ECA276B7CC1004A6D9C /* APIErrors.swift */ = {isa = PBXFileReference; lastKnownFileType = sourcecode.swift; path = APIErrors.swift; sourceTree = "<group>"; };
		375C934F277143E900FA3362 /* CommonViews.swift */ = {isa = PBXFileReference; lastKnownFileType = sourcecode.swift; path = CommonViews.swift; sourceTree = "<group>"; };
		375C9354277153CF00FA3362 /* APIReleases.swift */ = {isa = PBXFileReference; lastKnownFileType = sourcecode.swift; path = APIReleases.swift; sourceTree = "<group>"; };
		376A7C0F276A04590093712E /* APIUser.swift */ = {isa = PBXFileReference; lastKnownFileType = sourcecode.swift; path = APIUser.swift; sourceTree = "<group>"; };
		376A7C15276A12E40093712E /* APIProjects.swift */ = {isa = PBXFileReference; lastKnownFileType = sourcecode.swift; path = APIProjects.swift; sourceTree = "<group>"; };
		376A7C17276A13590093712E /* StructProject.swift */ = {isa = PBXFileReference; lastKnownFileType = sourcecode.swift; path = StructProject.swift; sourceTree = "<group>"; };
		3799CBF426B2F0A3005ACCFD /* BugsnagDashboard.app */ = {isa = PBXFileReference; explicitFileType = wrapper.application; includeInIndex = 0; path = BugsnagDashboard.app; sourceTree = BUILT_PRODUCTS_DIR; };
		3799CBF726B2F0A3005ACCFD /* BugsnagDashboardApp.swift */ = {isa = PBXFileReference; lastKnownFileType = sourcecode.swift; path = BugsnagDashboardApp.swift; sourceTree = "<group>"; };
		3799CBF926B2F0A3005ACCFD /* ContentView.swift */ = {isa = PBXFileReference; lastKnownFileType = sourcecode.swift; path = ContentView.swift; sourceTree = "<group>"; };
		3799CBFB26B2F0A4005ACCFD /* Assets.xcassets */ = {isa = PBXFileReference; lastKnownFileType = folder.assetcatalog; path = Assets.xcassets; sourceTree = "<group>"; };
		3799CBFE26B2F0A4005ACCFD /* Preview Assets.xcassets */ = {isa = PBXFileReference; lastKnownFileType = folder.assetcatalog; path = "Preview Assets.xcassets"; sourceTree = "<group>"; };
		3799CC0026B2F0A4005ACCFD /* Info.plist */ = {isa = PBXFileReference; lastKnownFileType = text.plist.xml; path = Info.plist; sourceTree = "<group>"; };
		3799CC0926B2F106005ACCFD /* Colors.swift */ = {isa = PBXFileReference; lastKnownFileType = sourcecode.swift; path = Colors.swift; sourceTree = "<group>"; };
		3799CC0E26B2F16B005ACCFD /* StructError.swift */ = {isa = PBXFileReference; lastKnownFileType = sourcecode.swift; path = StructError.swift; sourceTree = "<group>"; };
		3799CC1026B2F1C3005ACCFD /* InboxView.swift */ = {isa = PBXFileReference; lastKnownFileType = sourcecode.swift; path = InboxView.swift; sourceTree = "<group>"; };
		3799CC1226B2F1E5005ACCFD /* TimelineView.swift */ = {isa = PBXFileReference; lastKnownFileType = sourcecode.swift; path = TimelineView.swift; sourceTree = "<group>"; };
		3799CC1426B2F201005ACCFD /* MyAccountView.swift */ = {isa = PBXFileReference; lastKnownFileType = sourcecode.swift; path = MyAccountView.swift; sourceTree = "<group>"; };
/* End PBXFileReference section */

/* Begin PBXFrameworksBuildPhase section */
		3799CBF126B2F0A3005ACCFD /* Frameworks */ = {
			isa = PBXFrameworksBuildPhase;
			buildActionMask = 2147483647;
			files = (
				3763D6EF2774DE500076CA59 /* BugsnagNetworkRequestPlugin in Frameworks */,
				3763D6ED2774DE500076CA59 /* Bugsnag in Frameworks */,
			);
			runOnlyForDeploymentPostprocessing = 0;
		};
/* End PBXFrameworksBuildPhase section */

/* Begin PBXGroup section */
		370DE90126B307310015D602 /* API */ = {
			isa = PBXGroup;
			children = (
				376A7C0F276A04590093712E /* APIUser.swift */,
				376A7C15276A12E40093712E /* APIProjects.swift */,
				37203ECA276B7CC1004A6D9C /* APIErrors.swift */,
				375C9354277153CF00FA3362 /* APIReleases.swift */,
			);
			path = API;
			sourceTree = "<group>";
		};
		375C934C277142D300FA3362 /* Sheets */ = {
			isa = PBXGroup;
			children = (
				370DE8FB26B2FB9D0015D602 /* ProjectSelectorView.swift */,
				3799CC1426B2F201005ACCFD /* MyAccountView.swift */,
			);
			path = Sheets;
			sourceTree = "<group>";
		};
		375C934E2771438F00FA3362 /* Tabs */ = {
			isa = PBXGroup;
			children = (
				370DE8FD26B300520015D602 /* OverviewView.swift */,
				3799CC1026B2F1C3005ACCFD /* InboxView.swift */,
				3799CC1226B2F1E5005ACCFD /* TimelineView.swift */,
				370DE8FF26B3011A0015D602 /* ReleasesView.swift */,
			);
			path = Tabs;
			sourceTree = "<group>";
		};
		3799CBEB26B2F0A3005ACCFD = {
			isa = PBXGroup;
			children = (
				3799CBF626B2F0A3005ACCFD /* BugsnagDashboard */,
				3799CBF526B2F0A3005ACCFD /* Products */,
			);
			sourceTree = "<group>";
		};
		3799CBF526B2F0A3005ACCFD /* Products */ = {
			isa = PBXGroup;
			children = (
				3799CBF426B2F0A3005ACCFD /* BugsnagDashboard.app */,
			);
			name = Products;
			sourceTree = "<group>";
		};
		3799CBF626B2F0A3005ACCFD /* BugsnagDashboard */ = {
			isa = PBXGroup;
			children = (
				3799CC0B26B2F135005ACCFD /* DataStructures */,
				3799CC0826B2F0F0005ACCFD /* Libraries */,
				3799CC0626B2F0D6005ACCFD /* Views */,
				3799CBF726B2F0A3005ACCFD /* BugsnagDashboardApp.swift */,
				3799CBFB26B2F0A4005ACCFD /* Assets.xcassets */,
				3799CC0026B2F0A4005ACCFD /* Info.plist */,
				3799CBFD26B2F0A4005ACCFD /* Preview Content */,
			);
			path = BugsnagDashboard;
			sourceTree = "<group>";
		};
		3799CBFD26B2F0A4005ACCFD /* Preview Content */ = {
			isa = PBXGroup;
			children = (
				3799CBFE26B2F0A4005ACCFD /* Preview Assets.xcassets */,
			);
			path = "Preview Content";
			sourceTree = "<group>";
		};
		3799CC0626B2F0D6005ACCFD /* Views */ = {
			isa = PBXGroup;
			children = (
				3799CBF926B2F0A3005ACCFD /* ContentView.swift */,
				375C934F277143E900FA3362 /* CommonViews.swift */,
				375C934E2771438F00FA3362 /* Tabs */,
				375C934C277142D300FA3362 /* Sheets */,
			);
			path = Views;
			sourceTree = "<group>";
		};
		3799CC0826B2F0F0005ACCFD /* Libraries */ = {
			isa = PBXGroup;
			children = (
				370DE90126B307310015D602 /* API */,
				3799CC0926B2F106005ACCFD /* Colors.swift */,
				370BDF6E276FD1880044690D /* Helpers.swift */,
			);
			path = Libraries;
			sourceTree = "<group>";
		};
		3799CC0B26B2F135005ACCFD /* DataStructures */ = {
			isa = PBXGroup;
			children = (
				370D0E7D27621B5C00862451 /* StructUser.swift */,
				376A7C17276A13590093712E /* StructProject.swift */,
				3799CC0E26B2F16B005ACCFD /* StructError.swift */,
				37203EC8276B7934004A6D9C /* StructReleases.swift */,
			);
			path = DataStructures;
			sourceTree = "<group>";
		};
/* End PBXGroup section */

/* Begin PBXNativeTarget section */
		3799CBF326B2F0A3005ACCFD /* BugsnagDashboard */ = {
			isa = PBXNativeTarget;
			buildConfigurationList = 3799CC0326B2F0A4005ACCFD /* Build configuration list for PBXNativeTarget "BugsnagDashboard" */;
			buildPhases = (
				3799CBF026B2F0A3005ACCFD /* Sources */,
				3799CBF126B2F0A3005ACCFD /* Frameworks */,
				3799CBF226B2F0A3005ACCFD /* Resources */,
				3763D6F02774E0580076CA59 /* Upload dSYMs to Bugsnag */,
			);
			buildRules = (
			);
			dependencies = (
			);
			name = BugsnagDashboard;
			packageProductDependencies = (
				3763D6EC2774DE500076CA59 /* Bugsnag */,
				3763D6EE2774DE500076CA59 /* BugsnagNetworkRequestPlugin */,
			);
			productName = BugsnagDashboard;
			productReference = 3799CBF426B2F0A3005ACCFD /* BugsnagDashboard.app */;
			productType = "com.apple.product-type.application";
		};
/* End PBXNativeTarget section */

/* Begin PBXProject section */
		3799CBEC26B2F0A3005ACCFD /* Project object */ = {
			isa = PBXProject;
			attributes = {
				LastSwiftUpdateCheck = 1310;
				LastUpgradeCheck = 1250;
				TargetAttributes = {
					3799CBF326B2F0A3005ACCFD = {
						CreatedOnToolsVersion = 12.5.1;
					};
				};
			};
			buildConfigurationList = 3799CBEF26B2F0A3005ACCFD /* Build configuration list for PBXProject "BugsnagDashboard" */;
			compatibilityVersion = "Xcode 9.3";
			developmentRegion = en;
			hasScannedForEncodings = 0;
			knownRegions = (
				en,
				Base,
			);
			mainGroup = 3799CBEB26B2F0A3005ACCFD;
			packageReferences = (
				3763D6EB2774DE500076CA59 /* XCRemoteSwiftPackageReference "bugsnag-cocoa" */,
			);
			productRefGroup = 3799CBF526B2F0A3005ACCFD /* Products */;
			projectDirPath = "";
			projectRoot = "";
			targets = (
				3799CBF326B2F0A3005ACCFD /* BugsnagDashboard */,
			);
		};
/* End PBXProject section */

/* Begin PBXResourcesBuildPhase section */
		3799CBF226B2F0A3005ACCFD /* Resources */ = {
			isa = PBXResourcesBuildPhase;
			buildActionMask = 2147483647;
			files = (
				3799CBFF26B2F0A4005ACCFD /* Preview Assets.xcassets in Resources */,
				3799CBFC26B2F0A4005ACCFD /* Assets.xcassets in Resources */,
			);
			runOnlyForDeploymentPostprocessing = 0;
		};
/* End PBXResourcesBuildPhase section */

/* Begin PBXShellScriptBuildPhase section */
		3763D6F02774E0580076CA59 /* Upload dSYMs to Bugsnag */ = {
			isa = PBXShellScriptBuildPhase;
			buildActionMask = 12;
			files = (
			);
			inputFileListPaths = (
			);
			inputPaths = (
			);
			name = "Upload dSYMs to Bugsnag";
			outputFileListPaths = (
			);
			outputPaths = (
			);
			runOnlyForDeploymentPostprocessing = 0;
			shellPath = "/usr/bin/env ruby";
			shellScript = "info_plist_path = \"#{ENV[\"BUILT_PRODUCTS_DIR\"]}/#{ENV[\"INFOPLIST_PATH\"]}\"\nplist_buddy_response = `/usr/libexec/PlistBuddy -c \"print :bugsnag:apiKey\" \"#{info_plist_path}\"`\nif $?.success?\n    require 'shellwords'\n    api_key = plist_buddy_response\n    print(\"Uploading dSYMs from '#{ENV[\"DWARF_DSYM_FOLDER_PATH\"]}/*/Contents/Resources/DWARF/*' with API key '#{Shellwords.escape(api_key)}'\")\n    fork do\n        Process.setsid\n\n        Dir[\"#{ENV[\"DWARF_DSYM_FOLDER_PATH\"]}/*/Contents/Resources/DWARF/*\"].each do |dsym|\n            curl_command = \"curl -s --http1.1 -F dsym=@#{Shellwords.escape(dsym)} -F projectRoot=#{Shellwords.escape(ENV[\"PROJECT_DIR\"])} \"\n            curl_command += \"-F apiKey=#{Shellwords.escape(api_key)} \"\n            curl_command += \"https://upload.bugsnag.com/\"\n            print(\"Running system: '#{curl_command}'\")\n            system(curl_command)\n        end\n    end\nelse \n    exit(1)\nend\n";
			showEnvVarsInLog = 0;
		};
/* End PBXShellScriptBuildPhase section */

/* Begin PBXSourcesBuildPhase section */
		3799CBF026B2F0A3005ACCFD /* Sources */ = {
			isa = PBXSourcesBuildPhase;
			buildActionMask = 2147483647;
			files = (
				370D0E7E27621B5C00862451 /* StructUser.swift in Sources */,
				370DE8FC26B2FB9D0015D602 /* ProjectSelectorView.swift in Sources */,
				3799CBFA26B2F0A3005ACCFD /* ContentView.swift in Sources */,
				375C9355277153CF00FA3362 /* APIReleases.swift in Sources */,
				3799CC1326B2F1E5005ACCFD /* TimelineView.swift in Sources */,
				370DE8FE26B300520015D602 /* OverviewView.swift in Sources */,
				3799CC1126B2F1C3005ACCFD /* InboxView.swift in Sources */,
				376A7C10276A04590093712E /* APIUser.swift in Sources */,
				3799CC0A26B2F106005ACCFD /* Colors.swift in Sources */,
				37203EC9276B7934004A6D9C /* StructReleases.swift in Sources */,
				376A7C18276A13590093712E /* StructProject.swift in Sources */,
				3799CC1526B2F201005ACCFD /* MyAccountView.swift in Sources */,
				3799CC0F26B2F16B005ACCFD /* StructError.swift in Sources */,
				370BDF6F276FD1880044690D /* Helpers.swift in Sources */,
				370DE90026B3011A0015D602 /* ReleasesView.swift in Sources */,
				375C9350277143E900FA3362 /* CommonViews.swift in Sources */,
				3799CBF826B2F0A3005ACCFD /* BugsnagDashboardApp.swift in Sources */,
				376A7C16276A12E40093712E /* APIProjects.swift in Sources */,
				37203ECB276B7CC1004A6D9C /* APIErrors.swift in Sources */,
			);
			runOnlyForDeploymentPostprocessing = 0;
		};
/* End PBXSourcesBuildPhase section */

/* Begin XCBuildConfiguration section */
		3799CC0126B2F0A4005ACCFD /* Debug */ = {
			isa = XCBuildConfiguration;
			buildSettings = {
				ALWAYS_SEARCH_USER_PATHS = NO;
				CLANG_ANALYZER_NONNULL = YES;
				CLANG_ANALYZER_NUMBER_OBJECT_CONVERSION = YES_AGGRESSIVE;
				CLANG_CXX_LANGUAGE_STANDARD = "gnu++14";
				CLANG_CXX_LIBRARY = "libc++";
				CLANG_ENABLE_MODULES = YES;
				CLANG_ENABLE_OBJC_ARC = YES;
				CLANG_ENABLE_OBJC_WEAK = YES;
				CLANG_WARN_BLOCK_CAPTURE_AUTORELEASING = YES;
				CLANG_WARN_BOOL_CONVERSION = YES;
				CLANG_WARN_COMMA = YES;
				CLANG_WARN_CONSTANT_CONVERSION = YES;
				CLANG_WARN_DEPRECATED_OBJC_IMPLEMENTATIONS = YES;
				CLANG_WARN_DIRECT_OBJC_ISA_USAGE = YES_ERROR;
				CLANG_WARN_DOCUMENTATION_COMMENTS = YES;
				CLANG_WARN_EMPTY_BODY = YES;
				CLANG_WARN_ENUM_CONVERSION = YES;
				CLANG_WARN_INFINITE_RECURSION = YES;
				CLANG_WARN_INT_CONVERSION = YES;
				CLANG_WARN_NON_LITERAL_NULL_CONVERSION = YES;
				CLANG_WARN_OBJC_IMPLICIT_RETAIN_SELF = YES;
				CLANG_WARN_OBJC_LITERAL_CONVERSION = YES;
				CLANG_WARN_OBJC_ROOT_CLASS = YES_ERROR;
				CLANG_WARN_QUOTED_INCLUDE_IN_FRAMEWORK_HEADER = YES;
				CLANG_WARN_RANGE_LOOP_ANALYSIS = YES;
				CLANG_WARN_STRICT_PROTOTYPES = YES;
				CLANG_WARN_SUSPICIOUS_MOVE = YES;
				CLANG_WARN_UNGUARDED_AVAILABILITY = YES_AGGRESSIVE;
				CLANG_WARN_UNREACHABLE_CODE = YES;
				CLANG_WARN__DUPLICATE_METHOD_MATCH = YES;
				COPY_PHASE_STRIP = NO;
				DEBUG_INFORMATION_FORMAT = "dwarf-with-dsym";
				ENABLE_STRICT_OBJC_MSGSEND = YES;
				ENABLE_TESTABILITY = YES;
				GCC_C_LANGUAGE_STANDARD = gnu11;
				GCC_DYNAMIC_NO_PIC = NO;
				GCC_NO_COMMON_BLOCKS = YES;
				GCC_OPTIMIZATION_LEVEL = 0;
				GCC_PREPROCESSOR_DEFINITIONS = (
					"DEBUG=1",
					"$(inherited)",
				);
				GCC_WARN_64_TO_32_BIT_CONVERSION = YES;
				GCC_WARN_ABOUT_RETURN_TYPE = YES_ERROR;
				GCC_WARN_UNDECLARED_SELECTOR = YES;
				GCC_WARN_UNINITIALIZED_AUTOS = YES_AGGRESSIVE;
				GCC_WARN_UNUSED_FUNCTION = YES;
				GCC_WARN_UNUSED_VARIABLE = YES;
				IPHONEOS_DEPLOYMENT_TARGET = 14.5;
				MTL_ENABLE_DEBUG_INFO = INCLUDE_SOURCE;
				MTL_FAST_MATH = YES;
				ONLY_ACTIVE_ARCH = YES;
				SDKROOT = iphoneos;
				SWIFT_ACTIVE_COMPILATION_CONDITIONS = DEBUG;
				SWIFT_OPTIMIZATION_LEVEL = "-Onone";
			};
			name = Debug;
		};
		3799CC0226B2F0A4005ACCFD /* Release */ = {
			isa = XCBuildConfiguration;
			buildSettings = {
				ALWAYS_SEARCH_USER_PATHS = NO;
				CLANG_ANALYZER_NONNULL = YES;
				CLANG_ANALYZER_NUMBER_OBJECT_CONVERSION = YES_AGGRESSIVE;
				CLANG_CXX_LANGUAGE_STANDARD = "gnu++14";
				CLANG_CXX_LIBRARY = "libc++";
				CLANG_ENABLE_MODULES = YES;
				CLANG_ENABLE_OBJC_ARC = YES;
				CLANG_ENABLE_OBJC_WEAK = YES;
				CLANG_WARN_BLOCK_CAPTURE_AUTORELEASING = YES;
				CLANG_WARN_BOOL_CONVERSION = YES;
				CLANG_WARN_COMMA = YES;
				CLANG_WARN_CONSTANT_CONVERSION = YES;
				CLANG_WARN_DEPRECATED_OBJC_IMPLEMENTATIONS = YES;
				CLANG_WARN_DIRECT_OBJC_ISA_USAGE = YES_ERROR;
				CLANG_WARN_DOCUMENTATION_COMMENTS = YES;
				CLANG_WARN_EMPTY_BODY = YES;
				CLANG_WARN_ENUM_CONVERSION = YES;
				CLANG_WARN_INFINITE_RECURSION = YES;
				CLANG_WARN_INT_CONVERSION = YES;
				CLANG_WARN_NON_LITERAL_NULL_CONVERSION = YES;
				CLANG_WARN_OBJC_IMPLICIT_RETAIN_SELF = YES;
				CLANG_WARN_OBJC_LITERAL_CONVERSION = YES;
				CLANG_WARN_OBJC_ROOT_CLASS = YES_ERROR;
				CLANG_WARN_QUOTED_INCLUDE_IN_FRAMEWORK_HEADER = YES;
				CLANG_WARN_RANGE_LOOP_ANALYSIS = YES;
				CLANG_WARN_STRICT_PROTOTYPES = YES;
				CLANG_WARN_SUSPICIOUS_MOVE = YES;
				CLANG_WARN_UNGUARDED_AVAILABILITY = YES_AGGRESSIVE;
				CLANG_WARN_UNREACHABLE_CODE = YES;
				CLANG_WARN__DUPLICATE_METHOD_MATCH = YES;
				COPY_PHASE_STRIP = NO;
				DEBUG_INFORMATION_FORMAT = "dwarf-with-dsym";
				ENABLE_NS_ASSERTIONS = NO;
				ENABLE_STRICT_OBJC_MSGSEND = YES;
				GCC_C_LANGUAGE_STANDARD = gnu11;
				GCC_NO_COMMON_BLOCKS = YES;
				GCC_WARN_64_TO_32_BIT_CONVERSION = YES;
				GCC_WARN_ABOUT_RETURN_TYPE = YES_ERROR;
				GCC_WARN_UNDECLARED_SELECTOR = YES;
				GCC_WARN_UNINITIALIZED_AUTOS = YES_AGGRESSIVE;
				GCC_WARN_UNUSED_FUNCTION = YES;
				GCC_WARN_UNUSED_VARIABLE = YES;
				IPHONEOS_DEPLOYMENT_TARGET = 14.5;
				MTL_ENABLE_DEBUG_INFO = NO;
				MTL_FAST_MATH = YES;
				SDKROOT = iphoneos;
				SWIFT_COMPILATION_MODE = wholemodule;
				SWIFT_OPTIMIZATION_LEVEL = "-O";
				VALIDATE_PRODUCT = YES;
			};
			name = Release;
		};
		3799CC0426B2F0A4005ACCFD /* Debug */ = {
			isa = XCBuildConfiguration;
			buildSettings = {
				ASSETCATALOG_COMPILER_APPICON_NAME = AppIcon;
				ASSETCATALOG_COMPILER_GLOBAL_ACCENT_COLOR_NAME = AccentColor;
				CODE_SIGN_ENTITLEMENTS = BugsnagDashboard/BugsnagDashboard.entitlements;
				CODE_SIGN_STYLE = Automatic;
				DEVELOPMENT_ASSET_PATHS = "\"BugsnagDashboard/Preview Content\"";
				DEVELOPMENT_TEAM = 5C85ZH3WR5;
				ENABLE_PREVIEWS = YES;
				INFOPLIST_FILE = BugsnagDashboard/Info.plist;
				IPHONEOS_DEPLOYMENT_TARGET = 15.0;
				LD_RUNPATH_SEARCH_PATHS = (
					"$(inherited)",
					"@executable_path/Frameworks",
				);
				MARKETING_VERSION = 1.0.0;
				PRODUCT_BUNDLE_IDENTIFIER = com.xljones.BugsnagDashboard;
				PRODUCT_NAME = "$(TARGET_NAME)";
				SUPPORTS_MACCATALYST = NO;
				SWIFT_VERSION = 5.0;
				TARGETED_DEVICE_FAMILY = "1,2";
			};
			name = Debug;
		};
		3799CC0526B2F0A4005ACCFD /* Release */ = {
			isa = XCBuildConfiguration;
			buildSettings = {
				ASSETCATALOG_COMPILER_APPICON_NAME = AppIcon;
				ASSETCATALOG_COMPILER_GLOBAL_ACCENT_COLOR_NAME = AccentColor;
				CODE_SIGN_ENTITLEMENTS = BugsnagDashboard/BugsnagDashboard.entitlements;
				CODE_SIGN_STYLE = Automatic;
				DEVELOPMENT_ASSET_PATHS = "\"BugsnagDashboard/Preview Content\"";
				DEVELOPMENT_TEAM = 5C85ZH3WR5;
				ENABLE_PREVIEWS = YES;
				INFOPLIST_FILE = BugsnagDashboard/Info.plist;
				IPHONEOS_DEPLOYMENT_TARGET = 15.0;
				LD_RUNPATH_SEARCH_PATHS = (
					"$(inherited)",
					"@executable_path/Frameworks",
				);
				MARKETING_VERSION = 1.0.0;
				PRODUCT_BUNDLE_IDENTIFIER = com.xljones.BugsnagDashboard;
				PRODUCT_NAME = "$(TARGET_NAME)";
				SUPPORTS_MACCATALYST = NO;
				SWIFT_VERSION = 5.0;
				TARGETED_DEVICE_FAMILY = "1,2";
			};
			name = Release;
		};
/* End XCBuildConfiguration section */

/* Begin XCConfigurationList section */
		3799CBEF26B2F0A3005ACCFD /* Build configuration list for PBXProject "BugsnagDashboard" */ = {
			isa = XCConfigurationList;
			buildConfigurations = (
				3799CC0126B2F0A4005ACCFD /* Debug */,
				3799CC0226B2F0A4005ACCFD /* Release */,
			);
			defaultConfigurationIsVisible = 0;
			defaultConfigurationName = Release;
		};
		3799CC0326B2F0A4005ACCFD /* Build configuration list for PBXNativeTarget "BugsnagDashboard" */ = {
			isa = XCConfigurationList;
			buildConfigurations = (
				3799CC0426B2F0A4005ACCFD /* Debug */,
				3799CC0526B2F0A4005ACCFD /* Release */,
			);
			defaultConfigurationIsVisible = 0;
			defaultConfigurationName = Release;
		};
/* End XCConfigurationList section */

/* Begin XCRemoteSwiftPackageReference section */
		3763D6EB2774DE500076CA59 /* XCRemoteSwiftPackageReference "bugsnag-cocoa" */ = {
			isa = XCRemoteSwiftPackageReference;
			repositoryURL = "https://github.com/bugsnag/bugsnag-cocoa";
			requirement = {
				kind = upToNextMajorVersion;
				minimumVersion = 6.0.0;
			};
		};
/* End XCRemoteSwiftPackageReference section */

/* Begin XCSwiftPackageProductDependency section */
		3763D6EC2774DE500076CA59 /* Bugsnag */ = {
			isa = XCSwiftPackageProductDependency;
			package = 3763D6EB2774DE500076CA59 /* XCRemoteSwiftPackageReference "bugsnag-cocoa" */;
			productName = Bugsnag;
		};
		3763D6EE2774DE500076CA59 /* BugsnagNetworkRequestPlugin */ = {
			isa = XCSwiftPackageProductDependency;
			package = 3763D6EB2774DE500076CA59 /* XCRemoteSwiftPackageReference "bugsnag-cocoa" */;
			productName = BugsnagNetworkRequestPlugin;
		};
/* End XCSwiftPackageProductDependency section */
	};
	rootObject = 3799CBEC26B2F0A3005ACCFD /* Project object */;
}
